
Microsoft Visual Studio Solution File, Format Version 12.00
# Visual Studio Version 17
VisualStudioVersion = 17.0.31903.59
MinimumVisualStudioVersion = 10.0.40219.1
Project("{FAE04EC0-301F-11D3-BF4B-00C04F79EFBC}") = "Peach.Build", "Peach.Build.csproj", "{A9954A39-13F9-48AC-AE80-2186DB0D7C02}"
EndProject
Project("{2150E333-8FDC-42A3-9474-1A3956D46DE8}") = "core", "core", "{FBF56CC3-7AE6-AD2D-3F14-7F97FD322CD6}"
EndProject
Project("{2150E333-8FDC-42A3-9474-1A3956D46DE8}") = "Core", "Core", "{D12EABE5-B916-A12A-C24A-C0261EF18870}"
EndProject
Project("{FAE04EC0-301F-11D3-BF4B-00C04F79EFBC}") = "Peach.Core", "core\Core\Peach.Core.csproj", "{993743F8-9FDD-4660-A1D2-FCC933470FC7}"
EndProject
Project("{2150E333-8FDC-42A3-9474-1A3956D46DE8}") = "Minset", "Minset", "{FD609A51-FACE-A58E-674C-5F9658F9072E}"
EndProject
Project("{FAE04EC0-301F-11D3-BF4B-00C04F79EFBC}") = "PeachMinset", "core\Minset\PeachMinset.csproj", "{39C24FB5-552C-4C8C-9BEB-6D077A25B4C2}"
EndProject
Project("{2150E333-8FDC-42A3-9474-1A3956D46DE8}") = "Test", "Test", "{6008E44F-FD8E-32B8-07A2-75AB7B4C53C7}"
EndProject
Project("{FAE04EC0-301F-11D3-BF4B-00C04F79EFBC}") = "Peach.Core.Test", "core\Test\Peach.Core.Test.csproj", "{F37A8B0D-3D8A-4CB6-A442-2D12DB75EC78}"
EndProject
Project("{2150E333-8FDC-42A3-9474-1A3956D46DE8}") = "pro", "pro", "{3E077148-5390-14B4-F318-0DAA930CEBD9}"
EndProject
Project("{2150E333-8FDC-42A3-9474-1A3956D46DE8}") = "Core", "Core", "{AFC01FD8-2E21-13C6-05E4-5E6A1A9017ED}"
EndProject
Project("{FAE04EC0-301F-11D3-BF4B-00C04F79EFBC}") = "Peach.Pro", "pro\Core\Peach.Pro.csproj", "{CB6CFA48-70D4-4679-AEB3-1149ED5E6000}"
EndProject
Project("{FAE04EC0-301F-11D3-BF4B-00C04F79EFBC}") = "Peach", "pro\Peach\Peach.csproj", "{023118B3-9BC3-492B-A721-B60B09EB2012}"
EndProject
Project("{FAE04EC0-301F-11D3-BF4B-00C04F79EFBC}") = "PeachAgent", "pro\PeachAgent\PeachAgent.csproj", "{BCED2265-4671-4160-BF28-72B07225E967}"
EndProject
Project("{2150E333-8FDC-42A3-9474-1A3956D46DE8}") = "Worker", "Worker", "{6F0032EC-9A36-B914-CFB8-F1336ACD2F41}"
EndProject
Project("{FAE04EC0-301F-11D3-BF4B-00C04F79EFBC}") = "PeachWorker", "pro\Worker\PeachWorker.csproj", "{EE79153B-3BCB-42DA-A3C3-67E6A1F969A3}"
EndProject
Project("{2150E333-8FDC-42A3-9474-1A3956D46DE8}") = "Service", "Service", "{B2B7F598-8F32-15D5-E3B8-E038D3BE493E}"
EndProject
Project("{FAE04EC0-301F-11D3-BF4B-00C04F79EFBC}") = "PeachService", "pro\Service\PeachService.csproj", "{FC58D2A1-B54F-4F6F-94D6-EFA614C1B410}"
EndProject
Project("{2150E333-8FDC-42A3-9474-1A3956D46DE8}") = "PitTester", "PitTester", "{A0EA189D-4905-2EBB-D753-D2AB3AA22B72}"
EndProject
Project("{FAE04EC0-301F-11D3-BF4B-00C04F79EFBC}") = "Peach.Pro.PitTester", "pro\PitTester\Peach.Pro.PitTester.csproj", "{757859A1-87CE-4488-9873-31D767A31FA6}"
EndProject
Project("{FAE04EC0-301F-11D3-BF4B-00C04F79EFBC}") = "PitTool", "pro\PitTool\PitTool.csproj", "{71B01F52-18A5-4742-94A4-336704397F8C}"
EndProject
Project("{2150E333-8FDC-42A3-9474-1A3956D46DE8}") = "OS", "OS", "{1232122A-263C-9551-4E4D-0AFF4FB93138}"
EndProject
Project("{2150E333-8FDC-42A3-9474-1A3956D46DE8}") = "UnixTrampoline", "UnixTrampoline", "{F7F5DABB-BA22-8CA2-9005-DA44188E13A3}"
EndProject
Project("{FAE04EC0-301F-11D3-BF4B-00C04F79EFBC}") = "PeachTrampoline", "pro\OS\UnixTrampoline\PeachTrampoline.csproj", "{92E316DD-E758-4B5F-9934-519E953C81BD}"
EndProject
Project("{2150E333-8FDC-42A3-9474-1A3956D46DE8}") = "Test", "Test", "{05C1C3D7-3BB9-67AD-157A-505E226E2DC1}"
EndProject
Project("{2150E333-8FDC-42A3-9474-1A3956D46DE8}") = "Core", "Core", "{1202A713-9469-708B-FB1A-1663DF280ABF}"
EndProject
Project("{FAE04EC0-301F-11D3-BF4B-00C04F79EFBC}") = "Peach.Pro.Test", "pro\Test\Core\Peach.Pro.Test.csproj", "{DFAED7AC-56DD-48A9-A428-E333F37C2AC1}"
EndProject
Project("{2150E333-8FDC-42A3-9474-1A3956D46DE8}") = "Apps", "Apps", "{8D358377-D8FE-4B50-2374-DE430F3E36FD}"
EndProject
Project("{FAE04EC0-301F-11D3-BF4B-00C04F79EFBC}") = "CrashTest", "pro\Test\Apps\CrashTest\CrashTest.csproj", "{B1778296-2941-4DD8-BDC6-0EBAE21ABEFE}"
EndProject
Project("{FAE04EC0-301F-11D3-BF4B-00C04F79EFBC}") = "CrashableServer", "pro\Test\Apps\CrashableServer\CrashableServer.csproj", "{780A36D7-2FD3-4EE9-B8DE-4DA19601F516}"
EndProject
Project("{FAE04EC0-301F-11D3-BF4B-00C04F79EFBC}") = "CrashingFileConsumer", "pro\Test\Apps\CrashingFileConsumer\CrashingFileConsumer.csproj", "{81E25CF6-0166-4703-BA39-87FC71616296}"
EndProject
Project("{FAE04EC0-301F-11D3-BF4B-00C04F79EFBC}") = "UseAfterFree", "pro\Test\Apps\UseAfterFree\UseAfterFree.csproj", "{357E8C58-AFC3-4856-90FD-03D3F88898E7}"
EndProject
Project("{FAE04EC0-301F-11D3-BF4B-00C04F79EFBC}") = "CrashTestDummy", "pro\Test\Apps\CrashTestDummy\CrashTestDummy.csproj", "{A7B89C20-A380-449D-910C-A8AD01C2CDC1}"
EndProject
Project("{2150E333-8FDC-42A3-9474-1A3956D46DE8}") = "OS", "OS", "{4420A6C5-CAB1-7901-4E20-BEE83A9FAF2C}"
EndProject
Project("{2150E333-8FDC-42A3-9474-1A3956D46DE8}") = "Linux", "Linux", "{B2D59582-CAB8-7D3E-7D7B-EB6D86E86ECA}"
EndProject
Project("{FAE04EC0-301F-11D3-BF4B-00C04F79EFBC}") = "Peach.Pro.Test.OS.Linux", "pro\Test\OS\Linux\Peach.Pro.Test.OS.Linux.csproj", "{A2F3F634-2CB9-437F-86B0-8135290961D6}"
EndProject
Project("{2150E333-8FDC-42A3-9474-1A3956D46DE8}") = "llm", "llm", "{DD7B68A7-7082-7F43-535A-207B4CB941F0}"
EndProject
Project("{2150E333-8FDC-42A3-9474-1A3956D46DE8}") = "Core", "Core", "{E14135EF-C817-2BB6-FAA4-FBCF70ED687E}"
EndProject
Project("{FAE04EC0-301F-11D3-BF4B-00C04F79EFBC}") = "Peach.LLM", "llm\Core\Peach.LLM.csproj", "{F506F2A7-3284-46EC-9B0D-6DF8D66C5FC2}"
EndProject
Project("{2150E333-8FDC-42A3-9474-1A3956D46DE8}") = "Validations", "Validations", "{7C0C2CDF-9F11-132A-AF50-DA68342135ED}"
EndProject
Project("{2150E333-8FDC-42A3-9474-1A3956D46DE8}") = "Common", "Common", "{360C3C6D-6A20-797D-5905-1713E6771766}"
EndProject
Project("{FAE04EC0-301F-11D3-BF4B-00C04F79EFBC}") = "Peach.LLM.Validations.Common", "llm\Validations\Common\Peach.LLM.Validations.Common.csproj", "{98656A8E-F060-4F8B-BA5B-2D8389ED30F0}"
EndProject
Project("{2150E333-8FDC-42A3-9474-1A3956D46DE8}") = "DataModel", "DataModel", "{AF6E9CC9-9363-2ABF-13A8-EA50262E328B}"
EndProject
Project("{FAE04EC0-301F-11D3-BF4B-00C04F79EFBC}") = "Peach.LLM.Validations.DataModel", "llm\Validations\DataModel\Peach.LLM.Validations.DataModel.csproj", "{B7DF4622-2576-469A-99AF-37A45A2B2E49}"
EndProject
Project("{2150E333-8FDC-42A3-9474-1A3956D46DE8}") = "Mutator", "Mutator", "{4646EF2D-EB3A-4D7C-2931-2983F35DB6EC}"
EndProject
Project("{FAE04EC0-301F-11D3-BF4B-00C04F79EFBC}") = "Peach.LLM.Validations.Mutator", "llm\Validations\Mutator\Peach.LLM.Validations.Mutator.csproj", "{135E5B6E-3A90-4D53-8B1B-3C0EDDE993A9}"
EndProject
Project("{2150E333-8FDC-42A3-9474-1A3956D46DE8}") = "Fixer", "Fixer", "{E919E3EE-669D-A59C-7523-DA13A3A90CC6}"
EndProject
Project("{FAE04EC0-301F-11D3-BF4B-00C04F79EFBC}") = "Peach.LLM.Validations.Fixer", "llm\Validations\Fixer\Peach.LLM.Validations.Fixer.csproj", "{FDCAB7A4-9C46-4CEE-82A1-E20EF063217C}"
EndProject
Project("{2150E333-8FDC-42A3-9474-1A3956D46DE8}") = "Validator", "Validator", "{216F87E3-FC96-6B7C-AD90-684F86D80F58}"
EndProject
Project("{FAE04EC0-301F-11D3-BF4B-00C04F79EFBC}") = "PeachValidator", "pro\Validator\PeachValidator.csproj", "{152B94C8-58AB-4DF3-BDD2-0F058E333093}"
EndProject
Project("{2150E333-8FDC-42A3-9474-1A3956D46DE8}") = "XmlGenerator", "XmlGenerator", "{D17F1007-2FE4-591D-ED48-949FCB449C32}"
EndProject
Project("{FAE04EC0-301F-11D3-BF4B-00C04F79EFBC}") = "PeachXmlGenerator", "pro\XmlGenerator\PeachXmlGenerator.csproj", "{F072F759-45BE-4FC2-A7E8-FE5896C09913}"
EndProject
Global
	GlobalSection(SolutionConfigurationPlatforms) = preSolution
		Debug|Any CPU = Debug|Any CPU
		Debug|x64 = Debug|x64
		Debug|x86 = Debug|x86
		Release|Any CPU = Release|Any CPU
		Release|x64 = Release|x64
		Release|x86 = Release|x86
	EndGlobalSection
	GlobalSection(ProjectConfigurationPlatforms) = postSolution
		{A9954A39-13F9-48AC-AE80-2186DB0D7C02}.Debug|Any CPU.ActiveCfg = Debug|Any CPU
		{A9954A39-13F9-48AC-AE80-2186DB0D7C02}.Debug|Any CPU.Build.0 = Debug|Any CPU
		{A9954A39-13F9-48AC-AE80-2186DB0D7C02}.Debug|x64.ActiveCfg = Debug|Any CPU
		{A9954A39-13F9-48AC-AE80-2186DB0D7C02}.Debug|x64.Build.0 = Debug|Any CPU
		{A9954A39-13F9-48AC-AE80-2186DB0D7C02}.Debug|x86.ActiveCfg = Debug|Any CPU
		{A9954A39-13F9-48AC-AE80-2186DB0D7C02}.Debug|x86.Build.0 = Debug|Any CPU
		{A9954A39-13F9-48AC-AE80-2186DB0D7C02}.Release|Any CPU.ActiveCfg = Release|Any CPU
		{A9954A39-13F9-48AC-AE80-2186DB0D7C02}.Release|Any CPU.Build.0 = Release|Any CPU
		{A9954A39-13F9-48AC-AE80-2186DB0D7C02}.Release|x64.ActiveCfg = Release|Any CPU
		{A9954A39-13F9-48AC-AE80-2186DB0D7C02}.Release|x64.Build.0 = Release|Any CPU
		{A9954A39-13F9-48AC-AE80-2186DB0D7C02}.Release|x86.ActiveCfg = Release|Any CPU
		{A9954A39-13F9-48AC-AE80-2186DB0D7C02}.Release|x86.Build.0 = Release|Any CPU
		{993743F8-9FDD-4660-A1D2-FCC933470FC7}.Debug|Any CPU.ActiveCfg = Debug|Any CPU
		{993743F8-9FDD-4660-A1D2-FCC933470FC7}.Debug|Any CPU.Build.0 = Debug|Any CPU
		{993743F8-9FDD-4660-A1D2-FCC933470FC7}.Debug|x64.ActiveCfg = Debug|Any CPU
		{993743F8-9FDD-4660-A1D2-FCC933470FC7}.Debug|x64.Build.0 = Debug|Any CPU
		{993743F8-9FDD-4660-A1D2-FCC933470FC7}.Debug|x86.ActiveCfg = Debug|Any CPU
		{993743F8-9FDD-4660-A1D2-FCC933470FC7}.Debug|x86.Build.0 = Debug|Any CPU
		{993743F8-9FDD-4660-A1D2-FCC933470FC7}.Release|Any CPU.ActiveCfg = Release|Any CPU
		{993743F8-9FDD-4660-A1D2-FCC933470FC7}.Release|Any CPU.Build.0 = Release|Any CPU
		{993743F8-9FDD-4660-A1D2-FCC933470FC7}.Release|x64.ActiveCfg = Release|Any CPU
		{993743F8-9FDD-4660-A1D2-FCC933470FC7}.Release|x64.Build.0 = Release|Any CPU
		{993743F8-9FDD-4660-A1D2-FCC933470FC7}.Release|x86.ActiveCfg = Release|Any CPU
		{993743F8-9FDD-4660-A1D2-FCC933470FC7}.Release|x86.Build.0 = Release|Any CPU
		{39C24FB5-552C-4C8C-9BEB-6D077A25B4C2}.Debug|Any CPU.ActiveCfg = Debug|Any CPU
		{39C24FB5-552C-4C8C-9BEB-6D077A25B4C2}.Debug|Any CPU.Build.0 = Debug|Any CPU
		{39C24FB5-552C-4C8C-9BEB-6D077A25B4C2}.Debug|x64.ActiveCfg = Debug|Any CPU
		{39C24FB5-552C-4C8C-9BEB-6D077A25B4C2}.Debug|x64.Build.0 = Debug|Any CPU
		{39C24FB5-552C-4C8C-9BEB-6D077A25B4C2}.Debug|x86.ActiveCfg = Debug|Any CPU
		{39C24FB5-552C-4C8C-9BEB-6D077A25B4C2}.Debug|x86.Build.0 = Debug|Any CPU
		{39C24FB5-552C-4C8C-9BEB-6D077A25B4C2}.Release|Any CPU.ActiveCfg = Release|Any CPU
		{39C24FB5-552C-4C8C-9BEB-6D077A25B4C2}.Release|Any CPU.Build.0 = Release|Any CPU
		{39C24FB5-552C-4C8C-9BEB-6D077A25B4C2}.Release|x64.ActiveCfg = Release|Any CPU
		{39C24FB5-552C-4C8C-9BEB-6D077A25B4C2}.Release|x64.Build.0 = Release|Any CPU
		{39C24FB5-552C-4C8C-9BEB-6D077A25B4C2}.Release|x86.ActiveCfg = Release|Any CPU
		{39C24FB5-552C-4C8C-9BEB-6D077A25B4C2}.Release|x86.Build.0 = Release|Any CPU
		{F37A8B0D-3D8A-4CB6-A442-2D12DB75EC78}.Debug|Any CPU.ActiveCfg = Debug|Any CPU
		{F37A8B0D-3D8A-4CB6-A442-2D12DB75EC78}.Debug|Any CPU.Build.0 = Debug|Any CPU
		{F37A8B0D-3D8A-4CB6-A442-2D12DB75EC78}.Debug|x64.ActiveCfg = Debug|Any CPU
		{F37A8B0D-3D8A-4CB6-A442-2D12DB75EC78}.Debug|x64.Build.0 = Debug|Any CPU
		{F37A8B0D-3D8A-4CB6-A442-2D12DB75EC78}.Debug|x86.ActiveCfg = Debug|Any CPU
		{F37A8B0D-3D8A-4CB6-A442-2D12DB75EC78}.Debug|x86.Build.0 = Debug|Any CPU
		{F37A8B0D-3D8A-4CB6-A442-2D12DB75EC78}.Release|Any CPU.ActiveCfg = Release|Any CPU
		{F37A8B0D-3D8A-4CB6-A442-2D12DB75EC78}.Release|Any CPU.Build.0 = Release|Any CPU
		{F37A8B0D-3D8A-4CB6-A442-2D12DB75EC78}.Release|x64.ActiveCfg = Release|Any CPU
		{F37A8B0D-3D8A-4CB6-A442-2D12DB75EC78}.Release|x64.Build.0 = Release|Any CPU
		{F37A8B0D-3D8A-4CB6-A442-2D12DB75EC78}.Release|x86.ActiveCfg = Release|Any CPU
		{F37A8B0D-3D8A-4CB6-A442-2D12DB75EC78}.Release|x86.Build.0 = Release|Any CPU
		{CB6CFA48-70D4-4679-AEB3-1149ED5E6000}.Debug|Any CPU.ActiveCfg = Debug|Any CPU
		{CB6CFA48-70D4-4679-AEB3-1149ED5E6000}.Debug|Any CPU.Build.0 = Debug|Any CPU
		{CB6CFA48-70D4-4679-AEB3-1149ED5E6000}.Debug|x64.ActiveCfg = Debug|Any CPU
		{CB6CFA48-70D4-4679-AEB3-1149ED5E6000}.Debug|x64.Build.0 = Debug|Any CPU
		{CB6CFA48-70D4-4679-AEB3-1149ED5E6000}.Debug|x86.ActiveCfg = Debug|Any CPU
		{CB6CFA48-70D4-4679-AEB3-1149ED5E6000}.Debug|x86.Build.0 = Debug|Any CPU
		{CB6CFA48-70D4-4679-AEB3-1149ED5E6000}.Release|Any CPU.ActiveCfg = Release|Any CPU
		{CB6CFA48-70D4-4679-AEB3-1149ED5E6000}.Release|Any CPU.Build.0 = Release|Any CPU
		{CB6CFA48-70D4-4679-AEB3-1149ED5E6000}.Release|x64.ActiveCfg = Release|Any CPU
		{CB6CFA48-70D4-4679-AEB3-1149ED5E6000}.Release|x64.Build.0 = Release|Any CPU
		{CB6CFA48-70D4-4679-AEB3-1149ED5E6000}.Release|x86.ActiveCfg = Release|Any CPU
		{CB6CFA48-70D4-4679-AEB3-1149ED5E6000}.Release|x86.Build.0 = Release|Any CPU
		{023118B3-9BC3-492B-A721-B60B09EB2012}.Debug|Any CPU.ActiveCfg = Debug|Any CPU
		{023118B3-9BC3-492B-A721-B60B09EB2012}.Debug|Any CPU.Build.0 = Debug|Any CPU
		{023118B3-9BC3-492B-A721-B60B09EB2012}.Debug|x64.ActiveCfg = Debug|Any CPU
		{023118B3-9BC3-492B-A721-B60B09EB2012}.Debug|x64.Build.0 = Debug|Any CPU
		{023118B3-9BC3-492B-A721-B60B09EB2012}.Debug|x86.ActiveCfg = Debug|Any CPU
		{023118B3-9BC3-492B-A721-B60B09EB2012}.Debug|x86.Build.0 = Debug|Any CPU
		{023118B3-9BC3-492B-A721-B60B09EB2012}.Release|Any CPU.ActiveCfg = Release|Any CPU
		{023118B3-9BC3-492B-A721-B60B09EB2012}.Release|Any CPU.Build.0 = Release|Any CPU
		{023118B3-9BC3-492B-A721-B60B09EB2012}.Release|x64.ActiveCfg = Release|Any CPU
		{023118B3-9BC3-492B-A721-B60B09EB2012}.Release|x64.Build.0 = Release|Any CPU
		{023118B3-9BC3-492B-A721-B60B09EB2012}.Release|x86.ActiveCfg = Release|Any CPU
		{023118B3-9BC3-492B-A721-B60B09EB2012}.Release|x86.Build.0 = Release|Any CPU
		{BCED2265-4671-4160-BF28-72B07225E967}.Debug|Any CPU.ActiveCfg = Debug|Any CPU
		{BCED2265-4671-4160-BF28-72B07225E967}.Debug|Any CPU.Build.0 = Debug|Any CPU
		{BCED2265-4671-4160-BF28-72B07225E967}.Debug|x64.ActiveCfg = Debug|Any CPU
		{BCED2265-4671-4160-BF28-72B07225E967}.Debug|x64.Build.0 = Debug|Any CPU
		{BCED2265-4671-4160-BF28-72B07225E967}.Debug|x86.ActiveCfg = Debug|Any CPU
		{BCED2265-4671-4160-BF28-72B07225E967}.Debug|x86.Build.0 = Debug|Any CPU
		{BCED2265-4671-4160-BF28-72B07225E967}.Release|Any CPU.ActiveCfg = Release|Any CPU
		{BCED2265-4671-4160-BF28-72B07225E967}.Release|Any CPU.Build.0 = Release|Any CPU
		{BCED2265-4671-4160-BF28-72B07225E967}.Release|x64.ActiveCfg = Release|Any CPU
		{BCED2265-4671-4160-BF28-72B07225E967}.Release|x64.Build.0 = Release|Any CPU
		{BCED2265-4671-4160-BF28-72B07225E967}.Release|x86.ActiveCfg = Release|Any CPU
		{BCED2265-4671-4160-BF28-72B07225E967}.Release|x86.Build.0 = Release|Any CPU
		{EE79153B-3BCB-42DA-A3C3-67E6A1F969A3}.Debug|Any CPU.ActiveCfg = Debug|Any CPU
		{EE79153B-3BCB-42DA-A3C3-67E6A1F969A3}.Debug|Any CPU.Build.0 = Debug|Any CPU
		{EE79153B-3BCB-42DA-A3C3-67E6A1F969A3}.Debug|x64.ActiveCfg = Debug|Any CPU
		{EE79153B-3BCB-42DA-A3C3-67E6A1F969A3}.Debug|x64.Build.0 = Debug|Any CPU
		{EE79153B-3BCB-42DA-A3C3-67E6A1F969A3}.Debug|x86.ActiveCfg = Debug|Any CPU
		{EE79153B-3BCB-42DA-A3C3-67E6A1F969A3}.Debug|x86.Build.0 = Debug|Any CPU
		{EE79153B-3BCB-42DA-A3C3-67E6A1F969A3}.Release|Any CPU.ActiveCfg = Release|Any CPU
		{EE79153B-3BCB-42DA-A3C3-67E6A1F969A3}.Release|Any CPU.Build.0 = Release|Any CPU
		{EE79153B-3BCB-42DA-A3C3-67E6A1F969A3}.Release|x64.ActiveCfg = Release|Any CPU
		{EE79153B-3BCB-42DA-A3C3-67E6A1F969A3}.Release|x64.Build.0 = Release|Any CPU
		{EE79153B-3BCB-42DA-A3C3-67E6A1F969A3}.Release|x86.ActiveCfg = Release|Any CPU
		{EE79153B-3BCB-42DA-A3C3-67E6A1F969A3}.Release|x86.Build.0 = Release|Any CPU
		{FC58D2A1-B54F-4F6F-94D6-EFA614C1B410}.Debug|Any CPU.ActiveCfg = Debug|Any CPU
		{FC58D2A1-B54F-4F6F-94D6-EFA614C1B410}.Debug|Any CPU.Build.0 = Debug|Any CPU
		{FC58D2A1-B54F-4F6F-94D6-EFA614C1B410}.Debug|x64.ActiveCfg = Debug|Any CPU
		{FC58D2A1-B54F-4F6F-94D6-EFA614C1B410}.Debug|x64.Build.0 = Debug|Any CPU
		{FC58D2A1-B54F-4F6F-94D6-EFA614C1B410}.Debug|x86.ActiveCfg = Debug|Any CPU
		{FC58D2A1-B54F-4F6F-94D6-EFA614C1B410}.Debug|x86.Build.0 = Debug|Any CPU
		{FC58D2A1-B54F-4F6F-94D6-EFA614C1B410}.Release|Any CPU.ActiveCfg = Release|Any CPU
		{FC58D2A1-B54F-4F6F-94D6-EFA614C1B410}.Release|Any CPU.Build.0 = Release|Any CPU
		{FC58D2A1-B54F-4F6F-94D6-EFA614C1B410}.Release|x64.ActiveCfg = Release|Any CPU
		{FC58D2A1-B54F-4F6F-94D6-EFA614C1B410}.Release|x64.Build.0 = Release|Any CPU
		{FC58D2A1-B54F-4F6F-94D6-EFA614C1B410}.Release|x86.ActiveCfg = Release|Any CPU
		{FC58D2A1-B54F-4F6F-94D6-EFA614C1B410}.Release|x86.Build.0 = Release|Any CPU
		{757859A1-87CE-4488-9873-31D767A31FA6}.Debug|Any CPU.ActiveCfg = Debug|Any CPU
		{757859A1-87CE-4488-9873-31D767A31FA6}.Debug|Any CPU.Build.0 = Debug|Any CPU
		{757859A1-87CE-4488-9873-31D767A31FA6}.Debug|x64.ActiveCfg = Debug|Any CPU
		{757859A1-87CE-4488-9873-31D767A31FA6}.Debug|x64.Build.0 = Debug|Any CPU
		{757859A1-87CE-4488-9873-31D767A31FA6}.Debug|x86.ActiveCfg = Debug|Any CPU
		{757859A1-87CE-4488-9873-31D767A31FA6}.Debug|x86.Build.0 = Debug|Any CPU
		{757859A1-87CE-4488-9873-31D767A31FA6}.Release|Any CPU.ActiveCfg = Release|Any CPU
		{757859A1-87CE-4488-9873-31D767A31FA6}.Release|Any CPU.Build.0 = Release|Any CPU
		{757859A1-87CE-4488-9873-31D767A31FA6}.Release|x64.ActiveCfg = Release|Any CPU
		{757859A1-87CE-4488-9873-31D767A31FA6}.Release|x64.Build.0 = Release|Any CPU
		{757859A1-87CE-4488-9873-31D767A31FA6}.Release|x86.ActiveCfg = Release|Any CPU
		{757859A1-87CE-4488-9873-31D767A31FA6}.Release|x86.Build.0 = Release|Any CPU
		{71B01F52-18A5-4742-94A4-336704397F8C}.Debug|Any CPU.ActiveCfg = Debug|Any CPU
		{71B01F52-18A5-4742-94A4-336704397F8C}.Debug|Any CPU.Build.0 = Debug|Any CPU
		{71B01F52-18A5-4742-94A4-336704397F8C}.Debug|x64.ActiveCfg = Debug|Any CPU
		{71B01F52-18A5-4742-94A4-336704397F8C}.Debug|x64.Build.0 = Debug|Any CPU
		{71B01F52-18A5-4742-94A4-336704397F8C}.Debug|x86.ActiveCfg = Debug|Any CPU
		{71B01F52-18A5-4742-94A4-336704397F8C}.Debug|x86.Build.0 = Debug|Any CPU
		{71B01F52-18A5-4742-94A4-336704397F8C}.Release|Any CPU.ActiveCfg = Release|Any CPU
		{71B01F52-18A5-4742-94A4-336704397F8C}.Release|Any CPU.Build.0 = Release|Any CPU
		{71B01F52-18A5-4742-94A4-336704397F8C}.Release|x64.ActiveCfg = Release|Any CPU
		{71B01F52-18A5-4742-94A4-336704397F8C}.Release|x64.Build.0 = Release|Any CPU
		{71B01F52-18A5-4742-94A4-336704397F8C}.Release|x86.ActiveCfg = Release|Any CPU
		{71B01F52-18A5-4742-94A4-336704397F8C}.Release|x86.Build.0 = Release|Any CPU
		{92E316DD-E758-4B5F-9934-519E953C81BD}.Debug|Any CPU.ActiveCfg = Debug|Any CPU
		{92E316DD-E758-4B5F-9934-519E953C81BD}.Debug|Any CPU.Build.0 = Debug|Any CPU
		{92E316DD-E758-4B5F-9934-519E953C81BD}.Debug|x64.ActiveCfg = Debug|Any CPU
		{92E316DD-E758-4B5F-9934-519E953C81BD}.Debug|x64.Build.0 = Debug|Any CPU
		{92E316DD-E758-4B5F-9934-519E953C81BD}.Debug|x86.ActiveCfg = Debug|Any CPU
		{92E316DD-E758-4B5F-9934-519E953C81BD}.Debug|x86.Build.0 = Debug|Any CPU
		{92E316DD-E758-4B5F-9934-519E953C81BD}.Release|Any CPU.ActiveCfg = Release|Any CPU
		{92E316DD-E758-4B5F-9934-519E953C81BD}.Release|Any CPU.Build.0 = Release|Any CPU
		{92E316DD-E758-4B5F-9934-519E953C81BD}.Release|x64.ActiveCfg = Release|Any CPU
		{92E316DD-E758-4B5F-9934-519E953C81BD}.Release|x64.Build.0 = Release|Any CPU
		{92E316DD-E758-4B5F-9934-519E953C81BD}.Release|x86.ActiveCfg = Release|Any CPU
		{92E316DD-E758-4B5F-9934-519E953C81BD}.Release|x86.Build.0 = Release|Any CPU
		{DFAED7AC-56DD-48A9-A428-E333F37C2AC1}.Debug|Any CPU.ActiveCfg = Debug|Any CPU
		{DFAED7AC-56DD-48A9-A428-E333F37C2AC1}.Debug|Any CPU.Build.0 = Debug|Any CPU
		{DFAED7AC-56DD-48A9-A428-E333F37C2AC1}.Debug|x64.ActiveCfg = Debug|Any CPU
		{DFAED7AC-56DD-48A9-A428-E333F37C2AC1}.Debug|x64.Build.0 = Debug|Any CPU
		{DFAED7AC-56DD-48A9-A428-E333F37C2AC1}.Debug|x86.ActiveCfg = Debug|Any CPU
		{DFAED7AC-56DD-48A9-A428-E333F37C2AC1}.Debug|x86.Build.0 = Debug|Any CPU
		{DFAED7AC-56DD-48A9-A428-E333F37C2AC1}.Release|Any CPU.ActiveCfg = Release|Any CPU
		{DFAED7AC-56DD-48A9-A428-E333F37C2AC1}.Release|Any CPU.Build.0 = Release|Any CPU
		{DFAED7AC-56DD-48A9-A428-E333F37C2AC1}.Release|x64.ActiveCfg = Release|Any CPU
		{DFAED7AC-56DD-48A9-A428-E333F37C2AC1}.Release|x64.Build.0 = Release|Any CPU
		{DFAED7AC-56DD-48A9-A428-E333F37C2AC1}.Release|x86.ActiveCfg = Release|Any CPU
		{DFAED7AC-56DD-48A9-A428-E333F37C2AC1}.Release|x86.Build.0 = Release|Any CPU
		{B1778296-2941-4DD8-BDC6-0EBAE21ABEFE}.Debug|Any CPU.ActiveCfg = Debug|Any CPU
		{B1778296-2941-4DD8-BDC6-0EBAE21ABEFE}.Debug|Any CPU.Build.0 = Debug|Any CPU
		{B1778296-2941-4DD8-BDC6-0EBAE21ABEFE}.Debug|x64.ActiveCfg = Debug|Any CPU
		{B1778296-2941-4DD8-BDC6-0EBAE21ABEFE}.Debug|x64.Build.0 = Debug|Any CPU
		{B1778296-2941-4DD8-BDC6-0EBAE21ABEFE}.Debug|x86.ActiveCfg = Debug|Any CPU
		{B1778296-2941-4DD8-BDC6-0EBAE21ABEFE}.Debug|x86.Build.0 = Debug|Any CPU
		{B1778296-2941-4DD8-BDC6-0EBAE21ABEFE}.Release|Any CPU.ActiveCfg = Release|Any CPU
		{B1778296-2941-4DD8-BDC6-0EBAE21ABEFE}.Release|Any CPU.Build.0 = Release|Any CPU
		{B1778296-2941-4DD8-BDC6-0EBAE21ABEFE}.Release|x64.ActiveCfg = Release|Any CPU
		{B1778296-2941-4DD8-BDC6-0EBAE21ABEFE}.Release|x64.Build.0 = Release|Any CPU
		{B1778296-2941-4DD8-BDC6-0EBAE21ABEFE}.Release|x86.ActiveCfg = Release|Any CPU
		{B1778296-2941-4DD8-BDC6-0EBAE21ABEFE}.Release|x86.Build.0 = Release|Any CPU
		{780A36D7-2FD3-4EE9-B8DE-4DA19601F516}.Debug|Any CPU.ActiveCfg = Debug|Any CPU
		{780A36D7-2FD3-4EE9-B8DE-4DA19601F516}.Debug|Any CPU.Build.0 = Debug|Any CPU
		{780A36D7-2FD3-4EE9-B8DE-4DA19601F516}.Debug|x64.ActiveCfg = Debug|Any CPU
		{780A36D7-2FD3-4EE9-B8DE-4DA19601F516}.Debug|x64.Build.0 = Debug|Any CPU
		{780A36D7-2FD3-4EE9-B8DE-4DA19601F516}.Debug|x86.ActiveCfg = Debug|Any CPU
		{780A36D7-2FD3-4EE9-B8DE-4DA19601F516}.Debug|x86.Build.0 = Debug|Any CPU
		{780A36D7-2FD3-4EE9-B8DE-4DA19601F516}.Release|Any CPU.ActiveCfg = Release|Any CPU
		{780A36D7-2FD3-4EE9-B8DE-4DA19601F516}.Release|Any CPU.Build.0 = Release|Any CPU
		{780A36D7-2FD3-4EE9-B8DE-4DA19601F516}.Release|x64.ActiveCfg = Release|Any CPU
		{780A36D7-2FD3-4EE9-B8DE-4DA19601F516}.Release|x64.Build.0 = Release|Any CPU
		{780A36D7-2FD3-4EE9-B8DE-4DA19601F516}.Release|x86.ActiveCfg = Release|Any CPU
		{780A36D7-2FD3-4EE9-B8DE-4DA19601F516}.Release|x86.Build.0 = Release|Any CPU
		{81E25CF6-0166-4703-BA39-87FC71616296}.Debug|Any CPU.ActiveCfg = Debug|Any CPU
		{81E25CF6-0166-4703-BA39-87FC71616296}.Debug|Any CPU.Build.0 = Debug|Any CPU
		{81E25CF6-0166-4703-BA39-87FC71616296}.Debug|x64.ActiveCfg = Debug|Any CPU
		{81E25CF6-0166-4703-BA39-87FC71616296}.Debug|x64.Build.0 = Debug|Any CPU
		{81E25CF6-0166-4703-BA39-87FC71616296}.Debug|x86.ActiveCfg = Debug|Any CPU
		{81E25CF6-0166-4703-BA39-87FC71616296}.Debug|x86.Build.0 = Debug|Any CPU
		{81E25CF6-0166-4703-BA39-87FC71616296}.Release|Any CPU.ActiveCfg = Release|Any CPU
		{81E25CF6-0166-4703-BA39-87FC71616296}.Release|Any CPU.Build.0 = Release|Any CPU
		{81E25CF6-0166-4703-BA39-87FC71616296}.Release|x64.ActiveCfg = Release|Any CPU
		{81E25CF6-0166-4703-BA39-87FC71616296}.Release|x64.Build.0 = Release|Any CPU
		{81E25CF6-0166-4703-BA39-87FC71616296}.Release|x86.ActiveCfg = Release|Any CPU
		{81E25CF6-0166-4703-BA39-87FC71616296}.Release|x86.Build.0 = Release|Any CPU
		{357E8C58-AFC3-4856-90FD-03D3F88898E7}.Debug|Any CPU.ActiveCfg = Debug|Any CPU
		{357E8C58-AFC3-4856-90FD-03D3F88898E7}.Debug|Any CPU.Build.0 = Debug|Any CPU
		{357E8C58-AFC3-4856-90FD-03D3F88898E7}.Debug|x64.ActiveCfg = Debug|Any CPU
		{357E8C58-AFC3-4856-90FD-03D3F88898E7}.Debug|x64.Build.0 = Debug|Any CPU
		{357E8C58-AFC3-4856-90FD-03D3F88898E7}.Debug|x86.ActiveCfg = Debug|Any CPU
		{357E8C58-AFC3-4856-90FD-03D3F88898E7}.Debug|x86.Build.0 = Debug|Any CPU
		{357E8C58-AFC3-4856-90FD-03D3F88898E7}.Release|Any CPU.ActiveCfg = Release|Any CPU
		{357E8C58-AFC3-4856-90FD-03D3F88898E7}.Release|Any CPU.Build.0 = Release|Any CPU
		{357E8C58-AFC3-4856-90FD-03D3F88898E7}.Release|x64.ActiveCfg = Release|Any CPU
		{357E8C58-AFC3-4856-90FD-03D3F88898E7}.Release|x64.Build.0 = Release|Any CPU
		{357E8C58-AFC3-4856-90FD-03D3F88898E7}.Release|x86.ActiveCfg = Release|Any CPU
		{357E8C58-AFC3-4856-90FD-03D3F88898E7}.Release|x86.Build.0 = Release|Any CPU
		{A7B89C20-A380-449D-910C-A8AD01C2CDC1}.Debug|Any CPU.ActiveCfg = Debug|Any CPU
		{A7B89C20-A380-449D-910C-A8AD01C2CDC1}.Debug|Any CPU.Build.0 = Debug|Any CPU
		{A7B89C20-A380-449D-910C-A8AD01C2CDC1}.Debug|x64.ActiveCfg = Debug|Any CPU
		{A7B89C20-A380-449D-910C-A8AD01C2CDC1}.Debug|x64.Build.0 = Debug|Any CPU
		{A7B89C20-A380-449D-910C-A8AD01C2CDC1}.Debug|x86.ActiveCfg = Debug|Any CPU
		{A7B89C20-A380-449D-910C-A8AD01C2CDC1}.Debug|x86.Build.0 = Debug|Any CPU
		{A7B89C20-A380-449D-910C-A8AD01C2CDC1}.Release|Any CPU.ActiveCfg = Release|Any CPU
		{A7B89C20-A380-449D-910C-A8AD01C2CDC1}.Release|Any CPU.Build.0 = Release|Any CPU
		{A7B89C20-A380-449D-910C-A8AD01C2CDC1}.Release|x64.ActiveCfg = Release|Any CPU
		{A7B89C20-A380-449D-910C-A8AD01C2CDC1}.Release|x64.Build.0 = Release|Any CPU
		{A7B89C20-A380-449D-910C-A8AD01C2CDC1}.Release|x86.ActiveCfg = Release|Any CPU
		{A7B89C20-A380-449D-910C-A8AD01C2CDC1}.Release|x86.Build.0 = Release|Any CPU
		{A2F3F634-2CB9-437F-86B0-8135290961D6}.Debug|Any CPU.ActiveCfg = Debug|Any CPU
		{A2F3F634-2CB9-437F-86B0-8135290961D6}.Debug|Any CPU.Build.0 = Debug|Any CPU
		{A2F3F634-2CB9-437F-86B0-8135290961D6}.Debug|x64.ActiveCfg = Debug|Any CPU
		{A2F3F634-2CB9-437F-86B0-8135290961D6}.Debug|x64.Build.0 = Debug|Any CPU
		{A2F3F634-2CB9-437F-86B0-8135290961D6}.Debug|x86.ActiveCfg = Debug|Any CPU
		{A2F3F634-2CB9-437F-86B0-8135290961D6}.Debug|x86.Build.0 = Debug|Any CPU
		{A2F3F634-2CB9-437F-86B0-8135290961D6}.Release|Any CPU.ActiveCfg = Release|Any CPU
		{A2F3F634-2CB9-437F-86B0-8135290961D6}.Release|Any CPU.Build.0 = Release|Any CPU
		{A2F3F634-2CB9-437F-86B0-8135290961D6}.Release|x64.ActiveCfg = Release|Any CPU
		{A2F3F634-2CB9-437F-86B0-8135290961D6}.Release|x64.Build.0 = Release|Any CPU
		{A2F3F634-2CB9-437F-86B0-8135290961D6}.Release|x86.ActiveCfg = Release|Any CPU
		{A2F3F634-2CB9-437F-86B0-8135290961D6}.Release|x86.Build.0 = Release|Any CPU
		{F506F2A7-3284-46EC-9B0D-6DF8D66C5FC2}.Debug|Any CPU.ActiveCfg = Debug|Any CPU
		{F506F2A7-3284-46EC-9B0D-6DF8D66C5FC2}.Debug|Any CPU.Build.0 = Debug|Any CPU
		{F506F2A7-3284-46EC-9B0D-6DF8D66C5FC2}.Debug|x64.ActiveCfg = Debug|Any CPU
		{F506F2A7-3284-46EC-9B0D-6DF8D66C5FC2}.Debug|x64.Build.0 = Debug|Any CPU
		{F506F2A7-3284-46EC-9B0D-6DF8D66C5FC2}.Debug|x86.ActiveCfg = Debug|Any CPU
		{F506F2A7-3284-46EC-9B0D-6DF8D66C5FC2}.Debug|x86.Build.0 = Debug|Any CPU
		{F506F2A7-3284-46EC-9B0D-6DF8D66C5FC2}.Release|Any CPU.ActiveCfg = Release|Any CPU
		{F506F2A7-3284-46EC-9B0D-6DF8D66C5FC2}.Release|Any CPU.Build.0 = Release|Any CPU
		{F506F2A7-3284-46EC-9B0D-6DF8D66C5FC2}.Release|x64.ActiveCfg = Release|Any CPU
		{F506F2A7-3284-46EC-9B0D-6DF8D66C5FC2}.Release|x64.Build.0 = Release|Any CPU
		{F506F2A7-3284-46EC-9B0D-6DF8D66C5FC2}.Release|x86.ActiveCfg = Release|Any CPU
		{F506F2A7-3284-46EC-9B0D-6DF8D66C5FC2}.Release|x86.Build.0 = Release|Any CPU
		{98656A8E-F060-4F8B-BA5B-2D8389ED30F0}.Debug|Any CPU.ActiveCfg = Debug|Any CPU
		{98656A8E-F060-4F8B-BA5B-2D8389ED30F0}.Debug|Any CPU.Build.0 = Debug|Any CPU
		{98656A8E-F060-4F8B-BA5B-2D8389ED30F0}.Debug|x64.ActiveCfg = Debug|Any CPU
		{98656A8E-F060-4F8B-BA5B-2D8389ED30F0}.Debug|x64.Build.0 = Debug|Any CPU
		{98656A8E-F060-4F8B-BA5B-2D8389ED30F0}.Debug|x86.ActiveCfg = Debug|Any CPU
		{98656A8E-F060-4F8B-BA5B-2D8389ED30F0}.Debug|x86.Build.0 = Debug|Any CPU
		{98656A8E-F060-4F8B-BA5B-2D8389ED30F0}.Release|Any CPU.ActiveCfg = Release|Any CPU
		{98656A8E-F060-4F8B-BA5B-2D8389ED30F0}.Release|Any CPU.Build.0 = Release|Any CPU
		{98656A8E-F060-4F8B-BA5B-2D8389ED30F0}.Release|x64.ActiveCfg = Release|Any CPU
		{98656A8E-F060-4F8B-BA5B-2D8389ED30F0}.Release|x64.Build.0 = Release|Any CPU
		{98656A8E-F060-4F8B-BA5B-2D8389ED30F0}.Release|x86.ActiveCfg = Release|Any CPU
		{98656A8E-F060-4F8B-BA5B-2D8389ED30F0}.Release|x86.Build.0 = Release|Any CPU
		{B7DF4622-2576-469A-99AF-37A45A2B2E49}.Debug|Any CPU.ActiveCfg = Debug|Any CPU
		{B7DF4622-2576-469A-99AF-37A45A2B2E49}.Debug|Any CPU.Build.0 = Debug|Any CPU
		{B7DF4622-2576-469A-99AF-37A45A2B2E49}.Debug|x64.ActiveCfg = Debug|Any CPU
		{B7DF4622-2576-469A-99AF-37A45A2B2E49}.Debug|x64.Build.0 = Debug|Any CPU
		{B7DF4622-2576-469A-99AF-37A45A2B2E49}.Debug|x86.ActiveCfg = Debug|Any CPU
		{B7DF4622-2576-469A-99AF-37A45A2B2E49}.Debug|x86.Build.0 = Debug|Any CPU
		{B7DF4622-2576-469A-99AF-37A45A2B2E49}.Release|Any CPU.ActiveCfg = Release|Any CPU
		{B7DF4622-2576-469A-99AF-37A45A2B2E49}.Release|Any CPU.Build.0 = Release|Any CPU
		{B7DF4622-2576-469A-99AF-37A45A2B2E49}.Release|x64.ActiveCfg = Release|Any CPU
		{B7DF4622-2576-469A-99AF-37A45A2B2E49}.Release|x64.Build.0 = Release|Any CPU
		{B7DF4622-2576-469A-99AF-37A45A2B2E49}.Release|x86.ActiveCfg = Release|Any CPU
		{B7DF4622-2576-469A-99AF-37A45A2B2E49}.Release|x86.Build.0 = Release|Any CPU
		{135E5B6E-3A90-4D53-8B1B-3C0EDDE993A9}.Debug|Any CPU.ActiveCfg = Debug|Any CPU
		{135E5B6E-3A90-4D53-8B1B-3C0EDDE993A9}.Debug|Any CPU.Build.0 = Debug|Any CPU
		{135E5B6E-3A90-4D53-8B1B-3C0EDDE993A9}.Debug|x64.ActiveCfg = Debug|Any CPU
		{135E5B6E-3A90-4D53-8B1B-3C0EDDE993A9}.Debug|x64.Build.0 = Debug|Any CPU
		{135E5B6E-3A90-4D53-8B1B-3C0EDDE993A9}.Debug|x86.ActiveCfg = Debug|Any CPU
		{135E5B6E-3A90-4D53-8B1B-3C0EDDE993A9}.Debug|x86.Build.0 = Debug|Any CPU
		{135E5B6E-3A90-4D53-8B1B-3C0EDDE993A9}.Release|Any CPU.ActiveCfg = Release|Any CPU
		{135E5B6E-3A90-4D53-8B1B-3C0EDDE993A9}.Release|Any CPU.Build.0 = Release|Any CPU
		{135E5B6E-3A90-4D53-8B1B-3C0EDDE993A9}.Release|x64.ActiveCfg = Release|Any CPU
		{135E5B6E-3A90-4D53-8B1B-3C0EDDE993A9}.Release|x64.Build.0 = Release|Any CPU
		{135E5B6E-3A90-4D53-8B1B-3C0EDDE993A9}.Release|x86.ActiveCfg = Release|Any CPU
		{135E5B6E-3A90-4D53-8B1B-3C0EDDE993A9}.Release|x86.Build.0 = Release|Any CPU
		{FDCAB7A4-9C46-4CEE-82A1-E20EF063217C}.Debug|Any CPU.ActiveCfg = Debug|Any CPU
		{FDCAB7A4-9C46-4CEE-82A1-E20EF063217C}.Debug|Any CPU.Build.0 = Debug|Any CPU
		{FDCAB7A4-9C46-4CEE-82A1-E20EF063217C}.Debug|x64.ActiveCfg = Debug|Any CPU
		{FDCAB7A4-9C46-4CEE-82A1-E20EF063217C}.Debug|x64.Build.0 = Debug|Any CPU
		{FDCAB7A4-9C46-4CEE-82A1-E20EF063217C}.Debug|x86.ActiveCfg = Debug|Any CPU
		{FDCAB7A4-9C46-4CEE-82A1-E20EF063217C}.Debug|x86.Build.0 = Debug|Any CPU
		{FDCAB7A4-9C46-4CEE-82A1-E20EF063217C}.Release|Any CPU.ActiveCfg = Release|Any CPU
		{FDCAB7A4-9C46-4CEE-82A1-E20EF063217C}.Release|Any CPU.Build.0 = Release|Any CPU
		{FDCAB7A4-9C46-4CEE-82A1-E20EF063217C}.Release|x64.ActiveCfg = Release|Any CPU
		{FDCAB7A4-9C46-4CEE-82A1-E20EF063217C}.Release|x64.Build.0 = Release|Any CPU
		{FDCAB7A4-9C46-4CEE-82A1-E20EF063217C}.Release|x86.ActiveCfg = Release|Any CPU
		{FDCAB7A4-9C46-4CEE-82A1-E20EF063217C}.Release|x86.Build.0 = Release|Any CPU
		{152B94C8-58AB-4DF3-BDD2-0F058E333093}.Debug|Any CPU.ActiveCfg = Debug|Any CPU
		{152B94C8-58AB-4DF3-BDD2-0F058E333093}.Debug|Any CPU.Build.0 = Debug|Any CPU
		{152B94C8-58AB-4DF3-BDD2-0F058E333093}.Debug|x64.ActiveCfg = Debug|Any CPU
		{152B94C8-58AB-4DF3-BDD2-0F058E333093}.Debug|x64.Build.0 = Debug|Any CPU
		{152B94C8-58AB-4DF3-BDD2-0F058E333093}.Debug|x86.ActiveCfg = Debug|Any CPU
		{152B94C8-58AB-4DF3-BDD2-0F058E333093}.Debug|x86.Build.0 = Debug|Any CPU
		{152B94C8-58AB-4DF3-BDD2-0F058E333093}.Release|Any CPU.ActiveCfg = Release|Any CPU
		{152B94C8-58AB-4DF3-BDD2-0F058E333093}.Release|Any CPU.Build.0 = Release|Any CPU
		{152B94C8-58AB-4DF3-BDD2-0F058E333093}.Release|x64.ActiveCfg = Release|Any CPU
		{152B94C8-58AB-4DF3-BDD2-0F058E333093}.Release|x64.Build.0 = Release|Any CPU
		{152B94C8-58AB-4DF3-BDD2-0F058E333093}.Release|x86.ActiveCfg = Release|Any CPU
		{152B94C8-58AB-4DF3-BDD2-0F058E333093}.Release|x86.Build.0 = Release|Any CPU
		{F072F759-45BE-4FC2-A7E8-FE5896C09913}.Debug|Any CPU.ActiveCfg = Debug|Any CPU
		{F072F759-45BE-4FC2-A7E8-FE5896C09913}.Debug|Any CPU.Build.0 = Debug|Any CPU
		{F072F759-45BE-4FC2-A7E8-FE5896C09913}.Debug|x64.ActiveCfg = Debug|Any CPU
		{F072F759-45BE-4FC2-A7E8-FE5896C09913}.Debug|x64.Build.0 = Debug|Any CPU
		{F072F759-45BE-4FC2-A7E8-FE5896C09913}.Debug|x86.ActiveCfg = Debug|Any CPU
		{F072F759-45BE-4FC2-A7E8-FE5896C09913}.Debug|x86.Build.0 = Debug|Any CPU
		{F072F759-45BE-4FC2-A7E8-FE5896C09913}.Release|Any CPU.ActiveCfg = Release|Any CPU
		{F072F759-45BE-4FC2-A7E8-FE5896C09913}.Release|Any CPU.Build.0 = Release|Any CPU
		{F072F759-45BE-4FC2-A7E8-FE5896C09913}.Release|x64.ActiveCfg = Release|Any CPU
		{F072F759-45BE-4FC2-A7E8-FE5896C09913}.Release|x64.Build.0 = Release|Any CPU
		{F072F759-45BE-4FC2-A7E8-FE5896C09913}.Release|x86.ActiveCfg = Release|Any CPU
		{F072F759-45BE-4FC2-A7E8-FE5896C09913}.Release|x86.Build.0 = Release|Any CPU
	EndGlobalSection
	GlobalSection(SolutionProperties) = preSolution
		HideSolutionNode = FALSE
	EndGlobalSection
	GlobalSection(NestedProjects) = preSolution
		{D12EABE5-B916-A12A-C24A-C0261EF18870} = {FBF56CC3-7AE6-AD2D-3F14-7F97FD322CD6}
		{993743F8-9FDD-4660-A1D2-FCC933470FC7} = {D12EABE5-B916-A12A-C24A-C0261EF18870}
		{FD609A51-FACE-A58E-674C-5F9658F9072E} = {FBF56CC3-7AE6-AD2D-3F14-7F97FD322CD6}
		{39C24FB5-552C-4C8C-9BEB-6D077A25B4C2} = {FD609A51-FACE-A58E-674C-5F9658F9072E}
		{6008E44F-FD8E-32B8-07A2-75AB7B4C53C7} = {FBF56CC3-7AE6-AD2D-3F14-7F97FD322CD6}
		{F37A8B0D-3D8A-4CB6-A442-2D12DB75EC78} = {6008E44F-FD8E-32B8-07A2-75AB7B4C53C7}
		{AFC01FD8-2E21-13C6-05E4-5E6A1A9017ED} = {3E077148-5390-14B4-F318-0DAA930CEBD9}
		{CB6CFA48-70D4-4679-AEB3-1149ED5E6000} = {AFC01FD8-2E21-13C6-05E4-5E6A1A9017ED}
		{023118B3-9BC3-492B-A721-B60B09EB2012} = {3E077148-5390-14B4-F318-0DAA930CEBD9}
		{BCED2265-4671-4160-BF28-72B07225E967} = {3E077148-5390-14B4-F318-0DAA930CEBD9}
		{6F0032EC-9A36-B914-CFB8-F1336ACD2F41} = {3E077148-5390-14B4-F318-0DAA930CEBD9}
		{EE79153B-3BCB-42DA-A3C3-67E6A1F969A3} = {6F0032EC-9A36-B914-CFB8-F1336ACD2F41}
		{B2B7F598-8F32-15D5-E3B8-E038D3BE493E} = {3E077148-5390-14B4-F318-0DAA930CEBD9}
		{FC58D2A1-B54F-4F6F-94D6-EFA614C1B410} = {B2B7F598-8F32-15D5-E3B8-E038D3BE493E}
		{A0EA189D-4905-2EBB-D753-D2AB3AA22B72} = {3E077148-5390-14B4-F318-0DAA930CEBD9}
		{757859A1-87CE-4488-9873-31D767A31FA6} = {A0EA189D-4905-2EBB-D753-D2AB3AA22B72}
		{71B01F52-18A5-4742-94A4-336704397F8C} = {3E077148-5390-14B4-F318-0DAA930CEBD9}
		{1232122A-263C-9551-4E4D-0AFF4FB93138} = {3E077148-5390-14B4-F318-0DAA930CEBD9}
		{F7F5DABB-BA22-8CA2-9005-DA44188E13A3} = {1232122A-263C-9551-4E4D-0AFF4FB93138}
		{92E316DD-E758-4B5F-9934-519E953C81BD} = {F7F5DABB-BA22-8CA2-9005-DA44188E13A3}
		{05C1C3D7-3BB9-67AD-157A-505E226E2DC1} = {3E077148-5390-14B4-F318-0DAA930CEBD9}
		{1202A713-9469-708B-FB1A-1663DF280ABF} = {05C1C3D7-3BB9-67AD-157A-505E226E2DC1}
		{DFAED7AC-56DD-48A9-A428-E333F37C2AC1} = {1202A713-9469-708B-FB1A-1663DF280ABF}
		{8D358377-D8FE-4B50-2374-DE430F3E36FD} = {05C1C3D7-3BB9-67AD-157A-505E226E2DC1}
		{B1778296-2941-4DD8-BDC6-0EBAE21ABEFE} = {8D358377-D8FE-4B50-2374-DE430F3E36FD}
		{780A36D7-2FD3-4EE9-B8DE-4DA19601F516} = {8D358377-D8FE-4B50-2374-DE430F3E36FD}
		{81E25CF6-0166-4703-BA39-87FC71616296} = {8D358377-D8FE-4B50-2374-DE430F3E36FD}
		{357E8C58-AFC3-4856-90FD-03D3F88898E7} = {8D358377-D8FE-4B50-2374-DE430F3E36FD}
		{A7B89C20-A380-449D-910C-A8AD01C2CDC1} = {8D358377-D8FE-4B50-2374-DE430F3E36FD}
		{4420A6C5-CAB1-7901-4E20-BEE83A9FAF2C} = {05C1C3D7-3BB9-67AD-157A-505E226E2DC1}
		{B2D59582-CAB8-7D3E-7D7B-EB6D86E86ECA} = {4420A6C5-CAB1-7901-4E20-BEE83A9FAF2C}
		{A2F3F634-2CB9-437F-86B0-8135290961D6} = {B2D59582-CAB8-7D3E-7D7B-EB6D86E86ECA}
		{E14135EF-C817-2BB6-FAA4-FBCF70ED687E} = {DD7B68A7-7082-7F43-535A-207B4CB941F0}
		{F506F2A7-3284-46EC-9B0D-6DF8D66C5FC2} = {E14135EF-C817-2BB6-FAA4-FBCF70ED687E}
		{7C0C2CDF-9F11-132A-AF50-DA68342135ED} = {DD7B68A7-7082-7F43-535A-207B4CB941F0}
		{360C3C6D-6A20-797D-5905-1713E6771766} = {7C0C2CDF-9F11-132A-AF50-DA68342135ED}
		{98656A8E-F060-4F8B-BA5B-2D8389ED30F0} = {360C3C6D-6A20-797D-5905-1713E6771766}
		{AF6E9CC9-9363-2ABF-13A8-EA50262E328B} = {7C0C2CDF-9F11-132A-AF50-DA68342135ED}
		{B7DF4622-2576-469A-99AF-37A45A2B2E49} = {AF6E9CC9-9363-2ABF-13A8-EA50262E328B}
		{4646EF2D-EB3A-4D7C-2931-2983F35DB6EC} = {7C0C2CDF-9F11-132A-AF50-DA68342135ED}
		{135E5B6E-3A90-4D53-8B1B-3C0EDDE993A9} = {4646EF2D-EB3A-4D7C-2931-2983F35DB6EC}
		{E919E3EE-669D-A59C-7523-DA13A3A90CC6} = {7C0C2CDF-9F11-132A-AF50-DA68342135ED}
		{FDCAB7A4-9C46-4CEE-82A1-E20EF063217C} = {E919E3EE-669D-A59C-7523-DA13A3A90CC6}
		{216F87E3-FC96-6B7C-AD90-684F86D80F58} = {3E077148-5390-14B4-F318-0DAA930CEBD9}
		{152B94C8-58AB-4DF3-BDD2-0F058E333093} = {216F87E3-FC96-6B7C-AD90-684F86D80F58}
		{D17F1007-2FE4-591D-ED48-949FCB449C32} = {3E077148-5390-14B4-F318-0DAA930CEBD9}
		{F072F759-45BE-4FC2-A7E8-FE5896C09913} = {D17F1007-2FE4-591D-ED48-949FCB449C32}
	EndGlobalSection
EndGlobal
