
Microsoft Visual Studio Solution File, Format Version 12.00
# Visual Studio Version 17
VisualStudioVersion = 17.0.31903.59
MinimumVisualStudioVersion = 10.0.40219.1
Project("{2150E333-8FDC-42A3-9474-1A3956D46DE8}") = "projects", "projects", "{20692498-BC9D-4AF9-AB12-9698B47FB122}"
EndProject
Project("{FAE04EC0-301F-11D3-BF4B-00C04F79EFBC}") = "Peach.Core", "projects\Peach.Core\Peach.Core.csproj", "{93FEFF25-B0CB-4394-9DA0-D382F27A7A75}"
EndProject
Project("{FAE04EC0-301F-11D3-BF4B-00C04F79EFBC}") = "Peach.Pro", "projects\Peach.Pro\Peach.Pro.csproj", "{D311300C-F1BE-4536-A2EA-671AA01F3B58}"
EndProject
Project("{FAE04EC0-301F-11D3-BF4B-00C04F79EFBC}") = "Peach.LLM", "projects\Peach.LLM\Peach.LLM.csproj", "{65D50701-30EC-4BB8-8899-54EA9D1F36C9}"
EndProject
Project("{FAE04EC0-301F-11D3-BF4B-00C04F79EFBC}") = "Peach.Pro.WebApi2", "projects\Peach.Pro.WebApi2\Peach.Pro.WebApi2.csproj", "{A3A2180C-E9AA-43F3-BBE2-979880F922AD}"
EndProject
Project("{FAE04EC0-301F-11D3-BF4B-00C04F79EFBC}") = "Peach.Pro.PitTester", "projects\Peach.Pro.PitTester\Peach.Pro.PitTester.csproj", "{11CE942E-0733-4988-8A23-71539B0192EB}"
EndProject
Project("{FAE04EC0-301F-11D3-BF4B-00C04F79EFBC}") = "Peach", "projects\Peach\Peach.csproj", "{4D346743-7AA4-40AC-B02B-E981D7F801D8}"
EndProject
Project("{FAE04EC0-301F-11D3-BF4B-00C04F79EFBC}") = "PeachAgent", "projects\PeachAgent\PeachAgent.csproj", "{1DA46315-6817-4CAF-892E-031310306FA5}"
EndProject
Project("{FAE04EC0-301F-11D3-BF4B-00C04F79EFBC}") = "PeachWorker", "projects\PeachWorker\PeachWorker.csproj", "{46D8C8AF-E3B2-4DE9-8FFB-9BF4E42F44A3}"
EndProject
Project("{FAE04EC0-301F-11D3-BF4B-00C04F79EFBC}") = "PeachService", "projects\PeachService\PeachService.csproj", "{CC004775-93A1-4B35-B41E-D2F8B90919B9}"
EndProject
Project("{FAE04EC0-301F-11D3-BF4B-00C04F79EFBC}") = "PitTool", "projects\PitTool\PitTool.csproj", "{8BF2C08F-E9F0-4C89-8968-DB3774B6861F}"
EndProject
Project("{FAE04EC0-301F-11D3-BF4B-00C04F79EFBC}") = "Peach.Pro.ComContainer", "projects\Peach.Pro.ComContainer\Peach.Pro.ComContainer.csproj", "{4A94E6CB-1530-4137-AA42-BF7D9CE83662}"
EndProject
Project("{FAE04EC0-301F-11D3-BF4B-00C04F79EFBC}") = "PeachMinset", "projects\PeachMinset\PeachMinset.csproj", "{0AA1F9FF-E0E8-4CEA-894E-C1BA19B9F02C}"
EndProject
Project("{FAE04EC0-301F-11D3-BF4B-00C04F79EFBC}") = "ExtendExamples", "projects\ExtendExamples\ExtendExamples.csproj", "{44717DDD-9EC2-4B58-9600-F0912CA9C5A1}"
EndProject
Global
	GlobalSection(SolutionConfigurationPlatforms) = preSolution
		Debug|Any CPU = Debug|Any CPU
		Release|Any CPU = Release|Any CPU
	EndGlobalSection
	GlobalSection(SolutionProperties) = preSolution
		HideSolutionNode = FALSE
	EndGlobalSection
	GlobalSection(ProjectConfigurationPlatforms) = postSolution
		{93FEFF25-B0CB-4394-9DA0-D382F27A7A75}.Debug|Any CPU.ActiveCfg = Debug|Any CPU
		{93FEFF25-B0CB-4394-9DA0-D382F27A7A75}.Debug|Any CPU.Build.0 = Debug|Any CPU
		{93FEFF25-B0CB-4394-9DA0-D382F27A7A75}.Release|Any CPU.ActiveCfg = Release|Any CPU
		{93FEFF25-B0CB-4394-9DA0-D382F27A7A75}.Release|Any CPU.Build.0 = Release|Any CPU
		{D311300C-F1BE-4536-A2EA-671AA01F3B58}.Debug|Any CPU.ActiveCfg = Debug|Any CPU
		{D311300C-F1BE-4536-A2EA-671AA01F3B58}.Debug|Any CPU.Build.0 = Debug|Any CPU
		{D311300C-F1BE-4536-A2EA-671AA01F3B58}.Release|Any CPU.ActiveCfg = Release|Any CPU
		{D311300C-F1BE-4536-A2EA-671AA01F3B58}.Release|Any CPU.Build.0 = Release|Any CPU
		{65D50701-30EC-4BB8-8899-54EA9D1F36C9}.Debug|Any CPU.ActiveCfg = Debug|Any CPU
		{65D50701-30EC-4BB8-8899-54EA9D1F36C9}.Debug|Any CPU.Build.0 = Debug|Any CPU
		{65D50701-30EC-4BB8-8899-54EA9D1F36C9}.Release|Any CPU.ActiveCfg = Release|Any CPU
		{65D50701-30EC-4BB8-8899-54EA9D1F36C9}.Release|Any CPU.Build.0 = Release|Any CPU
		{A3A2180C-E9AA-43F3-BBE2-979880F922AD}.Debug|Any CPU.ActiveCfg = Debug|Any CPU
		{A3A2180C-E9AA-43F3-BBE2-979880F922AD}.Debug|Any CPU.Build.0 = Debug|Any CPU
		{A3A2180C-E9AA-43F3-BBE2-979880F922AD}.Release|Any CPU.ActiveCfg = Release|Any CPU
		{A3A2180C-E9AA-43F3-BBE2-979880F922AD}.Release|Any CPU.Build.0 = Release|Any CPU
		{11CE942E-0733-4988-8A23-71539B0192EB}.Debug|Any CPU.ActiveCfg = Debug|Any CPU
		{11CE942E-0733-4988-8A23-71539B0192EB}.Debug|Any CPU.Build.0 = Debug|Any CPU
		{11CE942E-0733-4988-8A23-71539B0192EB}.Release|Any CPU.ActiveCfg = Release|Any CPU
		{11CE942E-0733-4988-8A23-71539B0192EB}.Release|Any CPU.Build.0 = Release|Any CPU
		{4D346743-7AA4-40AC-B02B-E981D7F801D8}.Debug|Any CPU.ActiveCfg = Debug|Any CPU
		{4D346743-7AA4-40AC-B02B-E981D7F801D8}.Debug|Any CPU.Build.0 = Debug|Any CPU
		{4D346743-7AA4-40AC-B02B-E981D7F801D8}.Release|Any CPU.ActiveCfg = Release|Any CPU
		{4D346743-7AA4-40AC-B02B-E981D7F801D8}.Release|Any CPU.Build.0 = Release|Any CPU
		{1DA46315-6817-4CAF-892E-031310306FA5}.Debug|Any CPU.ActiveCfg = Debug|Any CPU
		{1DA46315-6817-4CAF-892E-031310306FA5}.Debug|Any CPU.Build.0 = Debug|Any CPU
		{1DA46315-6817-4CAF-892E-031310306FA5}.Release|Any CPU.ActiveCfg = Release|Any CPU
		{1DA46315-6817-4CAF-892E-031310306FA5}.Release|Any CPU.Build.0 = Release|Any CPU
		{46D8C8AF-E3B2-4DE9-8FFB-9BF4E42F44A3}.Debug|Any CPU.ActiveCfg = Debug|Any CPU
		{46D8C8AF-E3B2-4DE9-8FFB-9BF4E42F44A3}.Debug|Any CPU.Build.0 = Debug|Any CPU
		{46D8C8AF-E3B2-4DE9-8FFB-9BF4E42F44A3}.Release|Any CPU.ActiveCfg = Release|Any CPU
		{46D8C8AF-E3B2-4DE9-8FFB-9BF4E42F44A3}.Release|Any CPU.Build.0 = Release|Any CPU
		{CC004775-93A1-4B35-B41E-D2F8B90919B9}.Debug|Any CPU.ActiveCfg = Debug|Any CPU
		{CC004775-93A1-4B35-B41E-D2F8B90919B9}.Debug|Any CPU.Build.0 = Debug|Any CPU
		{CC004775-93A1-4B35-B41E-D2F8B90919B9}.Release|Any CPU.ActiveCfg = Release|Any CPU
		{CC004775-93A1-4B35-B41E-D2F8B90919B9}.Release|Any CPU.Build.0 = Release|Any CPU
		{8BF2C08F-E9F0-4C89-8968-DB3774B6861F}.Debug|Any CPU.ActiveCfg = Debug|Any CPU
		{8BF2C08F-E9F0-4C89-8968-DB3774B6861F}.Debug|Any CPU.Build.0 = Debug|Any CPU
		{8BF2C08F-E9F0-4C89-8968-DB3774B6861F}.Release|Any CPU.ActiveCfg = Release|Any CPU
		{8BF2C08F-E9F0-4C89-8968-DB3774B6861F}.Release|Any CPU.Build.0 = Release|Any CPU
		{4A94E6CB-1530-4137-AA42-BF7D9CE83662}.Debug|Any CPU.ActiveCfg = Debug|Any CPU
		{4A94E6CB-1530-4137-AA42-BF7D9CE83662}.Debug|Any CPU.Build.0 = Debug|Any CPU
		{4A94E6CB-1530-4137-AA42-BF7D9CE83662}.Release|Any CPU.ActiveCfg = Release|Any CPU
		{4A94E6CB-1530-4137-AA42-BF7D9CE83662}.Release|Any CPU.Build.0 = Release|Any CPU
		{0AA1F9FF-E0E8-4CEA-894E-C1BA19B9F02C}.Debug|Any CPU.ActiveCfg = Debug|Any CPU
		{0AA1F9FF-E0E8-4CEA-894E-C1BA19B9F02C}.Debug|Any CPU.Build.0 = Debug|Any CPU
		{0AA1F9FF-E0E8-4CEA-894E-C1BA19B9F02C}.Release|Any CPU.ActiveCfg = Release|Any CPU
		{0AA1F9FF-E0E8-4CEA-894E-C1BA19B9F02C}.Release|Any CPU.Build.0 = Release|Any CPU
		{44717DDD-9EC2-4B58-9600-F0912CA9C5A1}.Debug|Any CPU.ActiveCfg = Debug|Any CPU
		{44717DDD-9EC2-4B58-9600-F0912CA9C5A1}.Debug|Any CPU.Build.0 = Debug|Any CPU
		{44717DDD-9EC2-4B58-9600-F0912CA9C5A1}.Release|Any CPU.ActiveCfg = Release|Any CPU
		{44717DDD-9EC2-4B58-9600-F0912CA9C5A1}.Release|Any CPU.Build.0 = Release|Any CPU
	EndGlobalSection
	GlobalSection(NestedProjects) = preSolution
		{93FEFF25-B0CB-4394-9DA0-D382F27A7A75} = {20692498-BC9D-4AF9-AB12-9698B47FB122}
		{D311300C-F1BE-4536-A2EA-671AA01F3B58} = {20692498-BC9D-4AF9-AB12-9698B47FB122}
		{65D50701-30EC-4BB8-8899-54EA9D1F36C9} = {20692498-BC9D-4AF9-AB12-9698B47FB122}
		{A3A2180C-E9AA-43F3-BBE2-979880F922AD} = {20692498-BC9D-4AF9-AB12-9698B47FB122}
		{11CE942E-0733-4988-8A23-71539B0192EB} = {20692498-BC9D-4AF9-AB12-9698B47FB122}
		{4D346743-7AA4-40AC-B02B-E981D7F801D8} = {20692498-BC9D-4AF9-AB12-9698B47FB122}
		{1DA46315-6817-4CAF-892E-031310306FA5} = {20692498-BC9D-4AF9-AB12-9698B47FB122}
		{46D8C8AF-E3B2-4DE9-8FFB-9BF4E42F44A3} = {20692498-BC9D-4AF9-AB12-9698B47FB122}
		{CC004775-93A1-4B35-B41E-D2F8B90919B9} = {20692498-BC9D-4AF9-AB12-9698B47FB122}
		{8BF2C08F-E9F0-4C89-8968-DB3774B6861F} = {20692498-BC9D-4AF9-AB12-9698B47FB122}
		{4A94E6CB-1530-4137-AA42-BF7D9CE83662} = {20692498-BC9D-4AF9-AB12-9698B47FB122}
		{0AA1F9FF-E0E8-4CEA-894E-C1BA19B9F02C} = {20692498-BC9D-4AF9-AB12-9698B47FB122}
		{44717DDD-9EC2-4B58-9600-F0912CA9C5A1} = {20692498-BC9D-4AF9-AB12-9698B47FB122}
	EndGlobalSection
EndGlobal
